
Microsoft Visual Studio Solution File, Format Version 12.00
# Visual Studio Version 16
VisualStudioVersion = 16.0.32228.343
MinimumVisualStudioVersion = 10.0.40219.1
Project("{FAE04EC0-301F-11D3-BF4B-00C04F79EFBC}") = "Calculator", "Calculator.csproj", "{36901338-2D38-4DA0-B3EA-E3B75A4ED77A}"
EndProject
Global
	GlobalSection(SolutionConfigurationPlatforms) = preSolution
		Debug|Any CPU = Debug|Any CPU
		Release|Any CPU = Release|Any CPU
	EndGlobalSection
	GlobalSection(ProjectConfigurationPlatforms) = postSolution
		{36901338-2D38-4DA0-B3EA-E3B75A4ED77A}.Debug|Any CPU.ActiveCfg = Debug|Any CPU
		{36901338-2D38-4DA0-B3EA-E3B75A4ED77A}.Debug|Any CPU.Build.0 = Debug|Any CPU
		{36901338-2D38-4DA0-B3EA-E3B75A4ED77A}.Release|Any CPU.ActiveCfg = Release|Any CPU
		{36901338-2D38-4DA0-B3EA-E3B75A4ED77A}.Release|Any CPU.Build.0 = Release|Any CPU
	EndGlobalSection
	GlobalSection(SolutionProperties) = preSolution
		HideSolutionNode = FALSE
	EndGlobalSection
	GlobalSection(ExtensibilityGlobals) = postSolution
		SolutionGuid = {9245BACE-AA46-4327-B499-8BC4726E0E96}
	EndGlobalSection
EndGlobal
